
Microsoft Visual Studio Solution File, Format Version 12.00
# Visual Studio Version 17
VisualStudioVersion = 17.14.36310.24
MinimumVisualStudioVersion = 10.0.40219.1
Project("{FAE04EC0-301F-11D3-BF4B-00C04F79EFBC}") = "aoc", "src\aoc.csproj", "{41462B2D-1E50-E8DB-F14E-53712CEFD9EC}"
EndProject
Project("{2150E333-8FDC-42A3-9474-1A3956D46DE8}") = "src", "src", "{02EA681E-C7D8-13C7-8484-4AC65E1B71E8}"
EndProject
Project("{2150E333-8FDC-42A3-9474-1A3956D46DE8}") = "test", "test", "{B244A6CB-9885-4DB2-825E-30B076B12B83}"
EndProject
Project("{FAE04EC0-301F-11D3-BF4B-00C04F79EFBC}") = "aoc.test", "test\aoc.test\aoc.test.csproj", "{4D2E6176-C2EE-4C86-AB6C-D20227E7F4DF}"
EndProject
Global
	GlobalSection(SolutionConfigurationPlatforms) = preSolution
		Debug|Any CPU = Debug|Any CPU
		Release|Any CPU = Release|Any CPU
	EndGlobalSection
	GlobalSection(ProjectConfigurationPlatforms) = postSolution
		{41462B2D-1E50-E8DB-F14E-53712CEFD9EC}.Debug|Any CPU.ActiveCfg = Debug|Any CPU
		{41462B2D-1E50-E8DB-F14E-53712CEFD9EC}.Debug|Any CPU.Build.0 = Debug|Any CPU
		{41462B2D-1E50-E8DB-F14E-53712CEFD9EC}.Release|Any CPU.ActiveCfg = Release|Any CPU
		{41462B2D-1E50-E8DB-F14E-53712CEFD9EC}.Release|Any CPU.Build.0 = Release|Any CPU
		{4D2E6176-C2EE-4C86-AB6C-D20227E7F4DF}.Debug|Any CPU.ActiveCfg = Debug|Any CPU
		{4D2E6176-C2EE-4C86-AB6C-D20227E7F4DF}.Debug|Any CPU.Build.0 = Debug|Any CPU
		{4D2E6176-C2EE-4C86-AB6C-D20227E7F4DF}.Release|Any CPU.ActiveCfg = Release|Any CPU
		{4D2E6176-C2EE-4C86-AB6C-D20227E7F4DF}.Release|Any CPU.Build.0 = Release|Any CPU
	EndGlobalSection
	GlobalSection(SolutionProperties) = preSolution
		HideSolutionNode = FALSE
	EndGlobalSection
	GlobalSection(NestedProjects) = preSolution
		{41462B2D-1E50-E8DB-F14E-53712CEFD9EC} = {02EA681E-C7D8-13C7-8484-4AC65E1B71E8}
		{4D2E6176-C2EE-4C86-AB6C-D20227E7F4DF} = {B244A6CB-9885-4DB2-825E-30B076B12B83}
	EndGlobalSection
	GlobalSection(ExtensibilityGlobals) = postSolution
		SolutionGuid = {3BF40C5A-B13C-445B-B668-F26A471FD3CE}
	EndGlobalSection
EndGlobal
