
Microsoft Visual Studio Solution File, Format Version 12.00
# Visual Studio Version 16
VisualStudioVersion = 16.0.29806.167
MinimumVisualStudioVersion = 10.0.40219.1
Project("{9A19103F-16F7-4668-BE54-9A1E7A4F7556}") = "NotQuiteLisp", "D01\NotQuiteLisp.csproj", "{A95FBFE5-574B-4117-8A20-22D4600D883D}"
EndProject
Project("{2150E333-8FDC-42A3-9474-1A3956D46DE8}") = "D01", "D01", "{2308426B-D29D-4CD2-BDFC-CC32AD89096C}"
EndProject
Project("{2150E333-8FDC-42A3-9474-1A3956D46DE8}") = "D02", "D02", "{F85F9ACD-43DD-4F2D-9939-72C7AE16763F}"
EndProject
Project("{9A19103F-16F7-4668-BE54-9A1E7A4F7556}") = "WrappingPaper", "D02\WrappingPaper\WrappingPaper.csproj", "{E74AB946-60B5-4F7D-961D-1E8B90F7BB19}"
EndProject
Project("{9A19103F-16F7-4668-BE54-9A1E7A4F7556}") = "WrappingPaperTest", "D02\WrappingPaperTest\WrappingPaperTest.csproj", "{89A59C21-267A-4721-8D1F-50787F9986D3}"
EndProject
Project("{2150E333-8FDC-42A3-9474-1A3956D46DE8}") = "D03", "D03", "{01609573-E7AA-47FC-A378-270C5D56508A}"
EndProject
Project("{9A19103F-16F7-4668-BE54-9A1E7A4F7556}") = "HousesOnGrid", "D03\HousesOnGrid\HousesOnGrid.csproj", "{584C9712-B9B7-4D7B-A493-559BB84D7B2A}"
EndProject
Project("{2150E333-8FDC-42A3-9474-1A3956D46DE8}") = "D04", "D04", "{A9A12D8A-169B-4DCB-A587-652DE99AA44A}"
EndProject
Project("{9A19103F-16F7-4668-BE54-9A1E7A4F7556}") = "MD5Hash", "D04\MD5Hash\MD5Hash.csproj", "{DA49C26E-789D-4165-A41F-56F1AE95F74E}"
EndProject
Project("{9A19103F-16F7-4668-BE54-9A1E7A4F7556}") = "NiceStrings", "D05\NiceStrings\NiceStrings.csproj", "{EDE32262-EE1C-4E62-A322-8C35D075D95E}"
EndProject
Project("{2150E333-8FDC-42A3-9474-1A3956D46DE8}") = "D05", "D05", "{5EF1F572-59DB-4782-BCC6-7863A233EF0D}"
EndProject
Project("{9A19103F-16F7-4668-BE54-9A1E7A4F7556}") = "NiceStringsTest", "D05\NiceStringsTest\NiceStringsTest.csproj", "{D741B5EC-4D2C-4CEE-BDD5-302E3C5B2DC8}"
EndProject
Project("{2150E333-8FDC-42A3-9474-1A3956D46DE8}") = "D06", "D06", "{FB6BB4C2-51AE-42C4-9DEE-749A5765D4DC}"
EndProject
Project("{9A19103F-16F7-4668-BE54-9A1E7A4F7556}") = "Lights", "D06\Lights\Lights.csproj", "{DFB581C5-EDDF-48EA-B9B5-3121EC787940}"
EndProject
Project("{9A19103F-16F7-4668-BE54-9A1E7A4F7556}") = "LightsTest", "D06\LightsTest\LightsTest.csproj", "{E2EE36FD-6C06-42F9-9D39-922045B304F9}"
EndProject
Project("{2150E333-8FDC-42A3-9474-1A3956D46DE8}") = "D07", "D07", "{BB1EE142-FAE4-47EE-9196-D2DE9E97F813}"
EndProject
Project("{9A19103F-16F7-4668-BE54-9A1E7A4F7556}") = "BitwiseOps", "D07\BitwiseOps\BitwiseOps.csproj", "{A969DBC5-C64F-4586-BDC6-89509E45BD35}"
EndProject
Project("{2150E333-8FDC-42A3-9474-1A3956D46DE8}") = "D08", "D08", "{AF184B09-32ED-4052-97BF-C00CD5CF0F91}"
EndProject
Project("{9A19103F-16F7-4668-BE54-9A1E7A4F7556}") = "StringParsing", "D08\StringParsing\StringParsing.csproj", "{681B992B-4971-4C9B-B62D-6364CBA9716F}"
EndProject
Project("{9A19103F-16F7-4668-BE54-9A1E7A4F7556}") = "StringParsingTest", "D08\StringParsingTest\StringParsingTest.csproj", "{7A2540F5-5717-4298-B06E-3C320B829319}"
EndProject
Project("{2150E333-8FDC-42A3-9474-1A3956D46DE8}") = "D09", "D09", "{9BDB8AB4-23C9-4068-B222-DA63D21AD55E}"
EndProject
Project("{9A19103F-16F7-4668-BE54-9A1E7A4F7556}") = "ShortestRoute", "D09\ShortestRoute\ShortestRoute.csproj", "{74BD1247-FC9F-406C-8E79-1E00FBC7DC7B}"
EndProject
Project("{2150E333-8FDC-42A3-9474-1A3956D46DE8}") = "Shared", "Shared", "{75AF3A3D-FB37-4624-A2CE-A4C9BA6E568A}"
EndProject
Project("{FAE04EC0-301F-11D3-BF4B-00C04F79EFBC}") = "Lib", "Shared\Lib\Lib.csproj", "{36190ABD-C89B-465E-B2E0-C40A7F996E2F}"
EndProject
Project("{FAE04EC0-301F-11D3-BF4B-00C04F79EFBC}") = "ShortestRouteTest", "D09\ShortestRouteTest\ShortestRouteTest.csproj", "{EAF68DF6-06AF-4163-B16E-72411CAC1766}"
EndProject
Global
	GlobalSection(SolutionConfigurationPlatforms) = preSolution
		Debug|Any CPU = Debug|Any CPU
		Release|Any CPU = Release|Any CPU
	EndGlobalSection
	GlobalSection(ProjectConfigurationPlatforms) = postSolution
		{A95FBFE5-574B-4117-8A20-22D4600D883D}.Debug|Any CPU.ActiveCfg = Debug|Any CPU
		{A95FBFE5-574B-4117-8A20-22D4600D883D}.Debug|Any CPU.Build.0 = Debug|Any CPU
		{A95FBFE5-574B-4117-8A20-22D4600D883D}.Release|Any CPU.ActiveCfg = Release|Any CPU
		{A95FBFE5-574B-4117-8A20-22D4600D883D}.Release|Any CPU.Build.0 = Release|Any CPU
		{E74AB946-60B5-4F7D-961D-1E8B90F7BB19}.Debug|Any CPU.ActiveCfg = Debug|Any CPU
		{E74AB946-60B5-4F7D-961D-1E8B90F7BB19}.Debug|Any CPU.Build.0 = Debug|Any CPU
		{E74AB946-60B5-4F7D-961D-1E8B90F7BB19}.Release|Any CPU.ActiveCfg = Release|Any CPU
		{E74AB946-60B5-4F7D-961D-1E8B90F7BB19}.Release|Any CPU.Build.0 = Release|Any CPU
		{89A59C21-267A-4721-8D1F-50787F9986D3}.Debug|Any CPU.ActiveCfg = Debug|Any CPU
		{89A59C21-267A-4721-8D1F-50787F9986D3}.Debug|Any CPU.Build.0 = Debug|Any CPU
		{89A59C21-267A-4721-8D1F-50787F9986D3}.Release|Any CPU.ActiveCfg = Release|Any CPU
		{89A59C21-267A-4721-8D1F-50787F9986D3}.Release|Any CPU.Build.0 = Release|Any CPU
		{584C9712-B9B7-4D7B-A493-559BB84D7B2A}.Debug|Any CPU.ActiveCfg = Debug|Any CPU
		{584C9712-B9B7-4D7B-A493-559BB84D7B2A}.Debug|Any CPU.Build.0 = Debug|Any CPU
		{584C9712-B9B7-4D7B-A493-559BB84D7B2A}.Release|Any CPU.ActiveCfg = Release|Any CPU
		{584C9712-B9B7-4D7B-A493-559BB84D7B2A}.Release|Any CPU.Build.0 = Release|Any CPU
		{DA49C26E-789D-4165-A41F-56F1AE95F74E}.Debug|Any CPU.ActiveCfg = Debug|Any CPU
		{DA49C26E-789D-4165-A41F-56F1AE95F74E}.Debug|Any CPU.Build.0 = Debug|Any CPU
		{DA49C26E-789D-4165-A41F-56F1AE95F74E}.Release|Any CPU.ActiveCfg = Release|Any CPU
		{DA49C26E-789D-4165-A41F-56F1AE95F74E}.Release|Any CPU.Build.0 = Release|Any CPU
		{EDE32262-EE1C-4E62-A322-8C35D075D95E}.Debug|Any CPU.ActiveCfg = Debug|Any CPU
		{EDE32262-EE1C-4E62-A322-8C35D075D95E}.Debug|Any CPU.Build.0 = Debug|Any CPU
		{EDE32262-EE1C-4E62-A322-8C35D075D95E}.Release|Any CPU.ActiveCfg = Release|Any CPU
		{EDE32262-EE1C-4E62-A322-8C35D075D95E}.Release|Any CPU.Build.0 = Release|Any CPU
		{D741B5EC-4D2C-4CEE-BDD5-302E3C5B2DC8}.Debug|Any CPU.ActiveCfg = Debug|Any CPU
		{D741B5EC-4D2C-4CEE-BDD5-302E3C5B2DC8}.Debug|Any CPU.Build.0 = Debug|Any CPU
		{D741B5EC-4D2C-4CEE-BDD5-302E3C5B2DC8}.Release|Any CPU.ActiveCfg = Release|Any CPU
		{D741B5EC-4D2C-4CEE-BDD5-302E3C5B2DC8}.Release|Any CPU.Build.0 = Release|Any CPU
		{DFB581C5-EDDF-48EA-B9B5-3121EC787940}.Debug|Any CPU.ActiveCfg = Debug|Any CPU
		{DFB581C5-EDDF-48EA-B9B5-3121EC787940}.Debug|Any CPU.Build.0 = Debug|Any CPU
		{DFB581C5-EDDF-48EA-B9B5-3121EC787940}.Release|Any CPU.ActiveCfg = Release|Any CPU
		{DFB581C5-EDDF-48EA-B9B5-3121EC787940}.Release|Any CPU.Build.0 = Release|Any CPU
		{E2EE36FD-6C06-42F9-9D39-922045B304F9}.Debug|Any CPU.ActiveCfg = Debug|Any CPU
		{E2EE36FD-6C06-42F9-9D39-922045B304F9}.Debug|Any CPU.Build.0 = Debug|Any CPU
		{E2EE36FD-6C06-42F9-9D39-922045B304F9}.Release|Any CPU.ActiveCfg = Release|Any CPU
		{E2EE36FD-6C06-42F9-9D39-922045B304F9}.Release|Any CPU.Build.0 = Release|Any CPU
		{A969DBC5-C64F-4586-BDC6-89509E45BD35}.Debug|Any CPU.ActiveCfg = Debug|Any CPU
		{A969DBC5-C64F-4586-BDC6-89509E45BD35}.Debug|Any CPU.Build.0 = Debug|Any CPU
		{A969DBC5-C64F-4586-BDC6-89509E45BD35}.Release|Any CPU.ActiveCfg = Release|Any CPU
		{A969DBC5-C64F-4586-BDC6-89509E45BD35}.Release|Any CPU.Build.0 = Release|Any CPU
		{681B992B-4971-4C9B-B62D-6364CBA9716F}.Debug|Any CPU.ActiveCfg = Debug|Any CPU
		{681B992B-4971-4C9B-B62D-6364CBA9716F}.Debug|Any CPU.Build.0 = Debug|Any CPU
		{681B992B-4971-4C9B-B62D-6364CBA9716F}.Release|Any CPU.ActiveCfg = Release|Any CPU
		{681B992B-4971-4C9B-B62D-6364CBA9716F}.Release|Any CPU.Build.0 = Release|Any CPU
		{7A2540F5-5717-4298-B06E-3C320B829319}.Debug|Any CPU.ActiveCfg = Debug|Any CPU
		{7A2540F5-5717-4298-B06E-3C320B829319}.Debug|Any CPU.Build.0 = Debug|Any CPU
		{7A2540F5-5717-4298-B06E-3C320B829319}.Release|Any CPU.ActiveCfg = Release|Any CPU
		{7A2540F5-5717-4298-B06E-3C320B829319}.Release|Any CPU.Build.0 = Release|Any CPU
		{74BD1247-FC9F-406C-8E79-1E00FBC7DC7B}.Debug|Any CPU.ActiveCfg = Debug|Any CPU
		{74BD1247-FC9F-406C-8E79-1E00FBC7DC7B}.Debug|Any CPU.Build.0 = Debug|Any CPU
		{74BD1247-FC9F-406C-8E79-1E00FBC7DC7B}.Release|Any CPU.ActiveCfg = Release|Any CPU
		{74BD1247-FC9F-406C-8E79-1E00FBC7DC7B}.Release|Any CPU.Build.0 = Release|Any CPU
		{36190ABD-C89B-465E-B2E0-C40A7F996E2F}.Debug|Any CPU.ActiveCfg = Debug|Any CPU
		{36190ABD-C89B-465E-B2E0-C40A7F996E2F}.Debug|Any CPU.Build.0 = Debug|Any CPU
		{36190ABD-C89B-465E-B2E0-C40A7F996E2F}.Release|Any CPU.ActiveCfg = Release|Any CPU
		{36190ABD-C89B-465E-B2E0-C40A7F996E2F}.Release|Any CPU.Build.0 = Release|Any CPU
		{EAF68DF6-06AF-4163-B16E-72411CAC1766}.Debug|Any CPU.ActiveCfg = Debug|Any CPU
		{EAF68DF6-06AF-4163-B16E-72411CAC1766}.Debug|Any CPU.Build.0 = Debug|Any CPU
		{EAF68DF6-06AF-4163-B16E-72411CAC1766}.Release|Any CPU.ActiveCfg = Release|Any CPU
		{EAF68DF6-06AF-4163-B16E-72411CAC1766}.Release|Any CPU.Build.0 = Release|Any CPU
	EndGlobalSection
	GlobalSection(SolutionProperties) = preSolution
		HideSolutionNode = FALSE
	EndGlobalSection
	GlobalSection(NestedProjects) = preSolution
		{A95FBFE5-574B-4117-8A20-22D4600D883D} = {2308426B-D29D-4CD2-BDFC-CC32AD89096C}
		{E74AB946-60B5-4F7D-961D-1E8B90F7BB19} = {F85F9ACD-43DD-4F2D-9939-72C7AE16763F}
		{89A59C21-267A-4721-8D1F-50787F9986D3} = {F85F9ACD-43DD-4F2D-9939-72C7AE16763F}
		{584C9712-B9B7-4D7B-A493-559BB84D7B2A} = {01609573-E7AA-47FC-A378-270C5D56508A}
		{DA49C26E-789D-4165-A41F-56F1AE95F74E} = {A9A12D8A-169B-4DCB-A587-652DE99AA44A}
		{EDE32262-EE1C-4E62-A322-8C35D075D95E} = {5EF1F572-59DB-4782-BCC6-7863A233EF0D}
		{D741B5EC-4D2C-4CEE-BDD5-302E3C5B2DC8} = {5EF1F572-59DB-4782-BCC6-7863A233EF0D}
		{DFB581C5-EDDF-48EA-B9B5-3121EC787940} = {FB6BB4C2-51AE-42C4-9DEE-749A5765D4DC}
		{E2EE36FD-6C06-42F9-9D39-922045B304F9} = {FB6BB4C2-51AE-42C4-9DEE-749A5765D4DC}
		{A969DBC5-C64F-4586-BDC6-89509E45BD35} = {BB1EE142-FAE4-47EE-9196-D2DE9E97F813}
		{681B992B-4971-4C9B-B62D-6364CBA9716F} = {AF184B09-32ED-4052-97BF-C00CD5CF0F91}
		{7A2540F5-5717-4298-B06E-3C320B829319} = {AF184B09-32ED-4052-97BF-C00CD5CF0F91}
		{74BD1247-FC9F-406C-8E79-1E00FBC7DC7B} = {9BDB8AB4-23C9-4068-B222-DA63D21AD55E}
		{36190ABD-C89B-465E-B2E0-C40A7F996E2F} = {75AF3A3D-FB37-4624-A2CE-A4C9BA6E568A}
		{EAF68DF6-06AF-4163-B16E-72411CAC1766} = {9BDB8AB4-23C9-4068-B222-DA63D21AD55E}
	EndGlobalSection
	GlobalSection(ExtensibilityGlobals) = postSolution
		SolutionGuid = {97D1F364-5633-4473-83A9-E2A005AB8A3D}
	EndGlobalSection
EndGlobal
