
Microsoft Visual Studio Solution File, Format Version 12.00
# Visual Studio Version 16
VisualStudioVersion = 16.0.29806.167
MinimumVisualStudioVersion = 10.0.40219.1
Project("{9A19103F-16F7-4668-BE54-9A1E7A4F7556}") = "aoc", "src\aoc.csproj", "{C98BE5A1-5CE0-4E27-9C16-ED5F1ABDA5E0}"
EndProject
Project("{9A19103F-16F7-4668-BE54-9A1E7A4F7556}") = "aoc.test", "test\aoc.test.csproj", "{822E4065-6802-4BD3-8400-1EA656733F26}"
EndProject
Project("{2150E333-8FDC-42A3-9474-1A3956D46DE8}") = "src", "src", "{E262A160-8963-4F05-BA77-C35736DC0DA4}"
EndProject
Project("{2150E333-8FDC-42A3-9474-1A3956D46DE8}") = "test", "test", "{CAA20D43-562E-44BF-9E1E-675BC1FFEFF9}"
EndProject
Global
	GlobalSection(SolutionConfigurationPlatforms) = preSolution
		Debug|Any CPU = Debug|Any CPU
		Release|Any CPU = Release|Any CPU
	EndGlobalSection
	GlobalSection(ProjectConfigurationPlatforms) = postSolution
		{C98BE5A1-5CE0-4E27-9C16-ED5F1ABDA5E0}.Debug|Any CPU.ActiveCfg = Debug|Any CPU
		{C98BE5A1-5CE0-4E27-9C16-ED5F1ABDA5E0}.Debug|Any CPU.Build.0 = Debug|Any CPU
		{C98BE5A1-5CE0-4E27-9C16-ED5F1ABDA5E0}.Release|Any CPU.ActiveCfg = Release|Any CPU
		{C98BE5A1-5CE0-4E27-9C16-ED5F1ABDA5E0}.Release|Any CPU.Build.0 = Release|Any CPU
		{822E4065-6802-4BD3-8400-1EA656733F26}.Debug|Any CPU.ActiveCfg = Debug|Any CPU
		{822E4065-6802-4BD3-8400-1EA656733F26}.Debug|Any CPU.Build.0 = Debug|Any CPU
		{822E4065-6802-4BD3-8400-1EA656733F26}.Release|Any CPU.ActiveCfg = Release|Any CPU
		{822E4065-6802-4BD3-8400-1EA656733F26}.Release|Any CPU.Build.0 = Release|Any CPU
	EndGlobalSection
	GlobalSection(SolutionProperties) = preSolution
		HideSolutionNode = FALSE
	EndGlobalSection
	GlobalSection(NestedProjects) = preSolution
		{C98BE5A1-5CE0-4E27-9C16-ED5F1ABDA5E0} = {E262A160-8963-4F05-BA77-C35736DC0DA4}
		{822E4065-6802-4BD3-8400-1EA656733F26} = {CAA20D43-562E-44BF-9E1E-675BC1FFEFF9}
	EndGlobalSection
	GlobalSection(ExtensibilityGlobals) = postSolution
		SolutionGuid = {97D1F364-5633-4473-83A9-E2A005AB8A3D}
	EndGlobalSection
EndGlobal
